// !$*UTF8*$!
{
	archiveVersion = 1;
	classes = {
	};
	objectVersion = 46;
	objects = {

/* Begin PBXBuildFile section */
		EAD3CAA91D3D27A9002AA3CF /* main.m in Sources */ = {isa = PBXBuildFile; fileRef = EAD3CAA81D3D27A9002AA3CF /* main.m */; };
		EAD3CAB11D3D2B71002AA3CF /* Account.m in Sources */ = {isa = PBXBuildFile; fileRef = EAD3CAB01D3D2B71002AA3CF /* Account.m */; };
		EAD3CAB41D3D2C87002AA3CF /* Person.m in Sources */ = {isa = PBXBuildFile; fileRef = EAD3CAB31D3D2C87002AA3CF /* Person.m */; };
/* End PBXBuildFile section */

/* Begin PBXCopyFilesBuildPhase section */
		EAD3CAA31D3D27A9002AA3CF /* CopyFiles */ = {
			isa = PBXCopyFilesBuildPhase;
			buildActionMask = 2147483647;
			dstPath = /usr/share/man/man1/;
			dstSubfolderSpec = 0;
			files = (
			);
			runOnlyForDeploymentPostprocessing = 1;
		};
/* End PBXCopyFilesBuildPhase section */

/* Begin PBXFileReference section */
		EAD3CAA51D3D27A9002AA3CF /* oc-15 */ = {isa = PBXFileReference; explicitFileType = "compiled.mach-o.executable"; includeInIndex = 0; path = "oc-15"; sourceTree = BUILT_PRODUCTS_DIR; };
		EAD3CAA81D3D27A9002AA3CF /* main.m */ = {isa = PBXFileReference; lastKnownFileType = sourcecode.c.objc; path = main.m; sourceTree = "<group>"; };
		EAD3CAAF1D3D2B71002AA3CF /* Account.h */ = {isa = PBXFileReference; fileEncoding = 4; lastKnownFileType = sourcecode.c.h; path = Account.h; sourceTree = "<group>"; };
		EAD3CAB01D3D2B71002AA3CF /* Account.m */ = {isa = PBXFileReference; fileEncoding = 4; lastKnownFileType = sourcecode.c.objc; path = Account.m; sourceTree = "<group>"; };
		EAD3CAB21D3D2C87002AA3CF /* Person.h */ = {isa = PBXFileReference; fileEncoding = 4; lastKnownFileType = sourcecode.c.h; path = Person.h; sourceTree = "<group>"; };
		EAD3CAB31D3D2C87002AA3CF /* Person.m */ = {isa = PBXFileReference; fileEncoding = 4; lastKnownFileType = sourcecode.c.objc; path = Person.m; sourceTree = "<group>"; };
/* End PBXFileReference section */

/* Begin PBXFrameworksBuildPhase section */
		EAD3CAA21D3D27A9002AA3CF /* Frameworks */ = {
			isa = PBXFrameworksBuildPhase;
			buildActionMask = 2147483647;
			files = (
			);
			runOnlyForDeploymentPostprocessing = 0;
		};
/* End PBXFrameworksBuildPhase section */

/* Begin PBXGroup section */
		EAD3CA9C1D3D27A8002AA3CF = {
			isa = PBXGroup;
			children = (
				EAD3CAA71D3D27A9002AA3CF /* oc-15 */,
				EAD3CAA61D3D27A9002AA3CF /* Products */,
			);
			sourceTree = "<group>";
		};
		EAD3CAA61D3D27A9002AA3CF /* Products */ = {
			isa = PBXGroup;
			children = (
				EAD3CAA51D3D27A9002AA3CF /* oc-15 */,
			);
			name = Products;
			sourceTree = "<group>";
		};
		EAD3CAA71D3D27A9002AA3CF /* oc-15 */ = {
			isa = PBXGroup;
			children = (
				EAD3CAA81D3D27A9002AA3CF /* main.m */,
				EAD3CAAF1D3D2B71002AA3CF /* Account.h */,
				EAD3CAB01D3D2B71002AA3CF /* Account.m */,
				EAD3CAB21D3D2C87002AA3CF /* Person.h */,
				EAD3CAB31D3D2C87002AA3CF /* Person.m */,
			);
			path = "oc-15";
			sourceTree = "<group>";
		};
/* End PBXGroup section */

/* Begin PBXNativeTarget section */
		EAD3CAA41D3D27A9002AA3CF /* oc-15 */ = {
			isa = PBXNativeTarget;
			buildConfigurationList = EAD3CAAC1D3D27A9002AA3CF /* Build configuration list for PBXNativeTarget "oc-15" */;
			buildPhases = (
				EAD3CAA11D3D27A9002AA3CF /* Sources */,
				EAD3CAA21D3D27A9002AA3CF /* Frameworks */,
				EAD3CAA31D3D27A9002AA3CF /* CopyFiles */,
			);
			buildRules = (
			);
			dependencies = (
			);
			name = "oc-15";
			productName = "oc-15";
			productReference = EAD3CAA51D3D27A9002AA3CF /* oc-15 */;
			productType = "com.apple.product-type.tool";
		};
/* End PBXNativeTarget section */

/* Begin PBXProject section */
		EAD3CA9D1D3D27A8002AA3CF /* Project object */ = {
			isa = PBXProject;
			attributes = {
				LastUpgradeCheck = 0730;
				ORGANIZATIONNAME = tangliang;
				TargetAttributes = {
					EAD3CAA41D3D27A9002AA3CF = {
						CreatedOnToolsVersion = 7.3;
					};
				};
			};
			buildConfigurationList = EAD3CAA01D3D27A9002AA3CF /* Build configuration list for PBXProject "oc-15" */;
			compatibilityVersion = "Xcode 3.2";
			developmentRegion = English;
			hasScannedForEncodings = 0;
			knownRegions = (
				en,
			);
			mainGroup = EAD3CA9C1D3D27A8002AA3CF;
			productRefGroup = EAD3CAA61D3D27A9002AA3CF /* Products */;
			projectDirPath = "";
			projectRoot = "";
			targets = (
				EAD3CAA41D3D27A9002AA3CF /* oc-15 */,
			);
		};
/* End PBXProject section */

/* Begin PBXSourcesBuildPhase section */
		EAD3CAA11D3D27A9002AA3CF /* Sources */ = {
			isa = PBXSourcesBuildPhase;
			buildActionMask = 2147483647;
			files = (
				EAD3CAB41D3D2C87002AA3CF /* Person.m in Sources */,
				EAD3CAA91D3D27A9002AA3CF /* main.m in Sources */,
				EAD3CAB11D3D2B71002AA3CF /* Account.m in Sources */,
			);
			runOnlyForDeploymentPostprocessing = 0;
		};
/* End PBXSourcesBuildPhase section */

/* Begin XCBuildConfiguration section */
		EAD3CAAA1D3D27A9002AA3CF /* Debug */ = {
			isa = XCBuildConfiguration;
			buildSettings = {
				ALWAYS_SEARCH_USER_PATHS = NO;
				CLANG_ANALYZER_NONNULL = YES;
				CLANG_CXX_LANGUAGE_STANDARD = "gnu++0x";
				CLANG_CXX_LIBRARY = "libc++";
				CLANG_ENABLE_MODULES = YES;
				CLANG_ENABLE_OBJC_ARC = YES;
				CLANG_WARN_BOOL_CONVERSION = YES;
				CLANG_WARN_CONSTANT_CONVERSION = YES;
				CLANG_WARN_DIRECT_OBJC_ISA_USAGE = YES_ERROR;
				CLANG_WARN_EMPTY_BODY = YES;
				CLANG_WARN_ENUM_CONVERSION = YES;
				CLANG_WARN_INT_CONVERSION = YES;
				CLANG_WARN_OBJC_ROOT_CLASS = YES_ERROR;
				CLANG_WARN_UNREACHABLE_CODE = YES;
				CLANG_WARN__DUPLICATE_METHOD_MATCH = YES;
				CODE_SIGN_IDENTITY = "-";
				COPY_PHASE_STRIP = NO;
				DEBUG_INFORMATION_FORMAT = dwarf;
				ENABLE_STRICT_OBJC_MSGSEND = YES;
				ENABLE_TESTABILITY = YES;
				GCC_C_LANGUAGE_STANDARD = gnu99;
				GCC_DYNAMIC_NO_PIC = NO;
				GCC_NO_COMMON_BLOCKS = YES;
				GCC_OPTIMIZATION_LEVEL = 0;
				GCC_PREPROCESSOR_DEFINITIONS = (
					"DEBUG=1",
					"$(inherited)",
				);
				GCC_WARN_64_TO_32_BIT_CONVERSION = YES;
				GCC_WARN_ABOUT_RETURN_TYPE = YES_ERROR;
				GCC_WARN_UNDECLARED_SELECTOR = YES;
				GCC_WARN_UNINITIALIZED_AUTOS = YES_AGGRESSIVE;
				GCC_WARN_UNUSED_FUNCTION = YES;
				GCC_WARN_UNUSED_VARIABLE = YES;
				MACOSX_DEPLOYMENT_TARGET = 10.11;
				MTL_ENABLE_DEBUG_INFO = YES;
				ONLY_ACTIVE_ARCH = YES;
				SDKROOT = macosx;
			};
			name = Debug;
		};
		EAD3CAAB1D3D27A9002AA3CF /* Release */ = {
			isa = XCBuildConfiguration;
			buildSettings = {
				ALWAYS_SEARCH_USER_PATHS = NO;
				CLANG_ANALYZER_NONNULL = YES;
				CLANG_CXX_LANGUAGE_STANDARD = "gnu++0x";
				CLANG_CXX_LIBRARY = "libc++";
				CLANG_ENABLE_MODULES = YES;
				CLANG_ENABLE_OBJC_ARC = YES;
				CLANG_WARN_BOOL_CONVERSION = YES;
				CLANG_WARN_CONSTANT_CONVERSION = YES;
				CLANG_WARN_DIRECT_OBJC_ISA_USAGE = YES_ERROR;
				CLANG_WARN_EMPTY_BODY = YES;
				CLANG_WARN_ENUM_CONVERSION = YES;
				CLANG_WARN_INT_CONVERSION = YES;
				CLANG_WARN_OBJC_ROOT_CLASS = YES_ERROR;
				CLANG_WARN_UNREACHABLE_CODE = YES;
				CLANG_WARN__DUPLICATE_METHOD_MATCH = YES;
				CODE_SIGN_IDENTITY = "-";
				COPY_PHASE_STRIP = NO;
				DEBUG_INFORMATION_FORMAT = "dwarf-with-dsym";
				ENABLE_NS_ASSERTIONS = NO;
				ENABLE_STRICT_OBJC_MSGSEND = YES;
				GCC_C_LANGUAGE_STANDARD = gnu99;
				GCC_NO_COMMON_BLOCKS = YES;
				GCC_WARN_64_TO_32_BIT_CONVERSION = YES;
				GCC_WARN_ABOUT_RETURN_TYPE = YES_ERROR;
				GCC_WARN_UNDECLARED_SELECTOR = YES;
				GCC_WARN_UNINITIALIZED_AUTOS = YES_AGGRESSIVE;
				GCC_WARN_UNUSED_FUNCTION = YES;
				GCC_WARN_UNUSED_VARIABLE = YES;
				MACOSX_DEPLOYMENT_TARGET = 10.11;
				MTL_ENABLE_DEBUG_INFO = NO;
				SDKROOT = macosx;
			};
			name = Release;
		};
		EAD3CAAD1D3D27A9002AA3CF /* Debug */ = {
			isa = XCBuildConfiguration;
			buildSettings = {
				PRODUCT_NAME = "$(TARGET_NAME)";
			};
			name = Debug;
		};
		EAD3CAAE1D3D27A9002AA3CF /* Release */ = {
			isa = XCBuildConfiguration;
			buildSettings = {
				PRODUCT_NAME = "$(TARGET_NAME)";
			};
			name = Release;
		};
/* End XCBuildConfiguration section */

/* Begin XCConfigurationList section */
		EAD3CAA01D3D27A9002AA3CF /* Build configuration list for PBXProject "oc-15" */ = {
			isa = XCConfigurationList;
			buildConfigurations = (
				EAD3CAAA1D3D27A9002AA3CF /* Debug */,
				EAD3CAAB1D3D27A9002AA3CF /* Release */,
			);
			defaultConfigurationIsVisible = 0;
			defaultConfigurationName = Release;
		};
		EAD3CAAC1D3D27A9002AA3CF /* Build configuration list for PBXNativeTarget "oc-15" */ = {
			isa = XCConfigurationList;
			buildConfigurations = (
				EAD3CAAD1D3D27A9002AA3CF /* Debug */,
				EAD3CAAE1D3D27A9002AA3CF /* Release */,
			);
			defaultConfigurationIsVisible = 0;
		};
/* End XCConfigurationList section */
	};
	rootObject = EAD3CA9D1D3D27A8002AA3CF /* Project object */;
}
