// !$*UTF8*$!
{
	archiveVersion = 1;
	classes = {
	};
	objectVersion = 46;
	objects = {

/* Begin PBXBuildFile section */
		0510860C1D48E2B2008D62DD /* main.m in Sources */ = {isa = PBXBuildFile; fileRef = 0510860B1D48E2B2008D62DD /* main.m */; };
		0510860F1D48E2B2008D62DD /* AppDelegate.m in Sources */ = {isa = PBXBuildFile; fileRef = 0510860E1D48E2B2008D62DD /* AppDelegate.m */; };
		051086121D48E2B2008D62DD /* ViewController.m in Sources */ = {isa = PBXBuildFile; fileRef = 051086111D48E2B2008D62DD /* ViewController.m */; };
		051086151D48E2B2008D62DD /* Main.storyboard in Resources */ = {isa = PBXBuildFile; fileRef = 051086131D48E2B2008D62DD /* Main.storyboard */; };
		051086171D48E2B2008D62DD /* Assets.xcassets in Resources */ = {isa = PBXBuildFile; fileRef = 051086161D48E2B2008D62DD /* Assets.xcassets */; };
		0510861A1D48E2B2008D62DD /* LaunchScreen.storyboard in Resources */ = {isa = PBXBuildFile; fileRef = 051086181D48E2B2008D62DD /* LaunchScreen.storyboard */; };
/* End PBXBuildFile section */

/* Begin PBXFileReference section */
		051086071D48E2B2008D62DD /* ios11-remoteControl.app */ = {isa = PBXFileReference; explicitFileType = wrapper.application; includeInIndex = 0; path = "ios11-remoteControl.app"; sourceTree = BUILT_PRODUCTS_DIR; };
		0510860B1D48E2B2008D62DD /* main.m */ = {isa = PBXFileReference; lastKnownFileType = sourcecode.c.objc; path = main.m; sourceTree = "<group>"; };
		0510860D1D48E2B2008D62DD /* AppDelegate.h */ = {isa = PBXFileReference; lastKnownFileType = sourcecode.c.h; path = AppDelegate.h; sourceTree = "<group>"; };
		0510860E1D48E2B2008D62DD /* AppDelegate.m */ = {isa = PBXFileReference; lastKnownFileType = sourcecode.c.objc; path = AppDelegate.m; sourceTree = "<group>"; };
		051086101D48E2B2008D62DD /* ViewController.h */ = {isa = PBXFileReference; lastKnownFileType = sourcecode.c.h; path = ViewController.h; sourceTree = "<group>"; };
		051086111D48E2B2008D62DD /* ViewController.m */ = {isa = PBXFileReference; lastKnownFileType = sourcecode.c.objc; path = ViewController.m; sourceTree = "<group>"; };
		051086141D48E2B2008D62DD /* Base */ = {isa = PBXFileReference; lastKnownFileType = file.storyboard; name = Base; path = Base.lproj/Main.storyboard; sourceTree = "<group>"; };
		051086161D48E2B2008D62DD /* Assets.xcassets */ = {isa = PBXFileReference; lastKnownFileType = folder.assetcatalog; path = Assets.xcassets; sourceTree = "<group>"; };
		051086191D48E2B2008D62DD /* Base */ = {isa = PBXFileReference; lastKnownFileType = file.storyboard; name = Base; path = Base.lproj/LaunchScreen.storyboard; sourceTree = "<group>"; };
		0510861B1D48E2B2008D62DD /* Info.plist */ = {isa = PBXFileReference; lastKnownFileType = text.plist.xml; path = Info.plist; sourceTree = "<group>"; };
/* End PBXFileReference section */

/* Begin PBXFrameworksBuildPhase section */
		051086041D48E2B2008D62DD /* Frameworks */ = {
			isa = PBXFrameworksBuildPhase;
			buildActionMask = 2147483647;
			files = (
			);
			runOnlyForDeploymentPostprocessing = 0;
		};
/* End PBXFrameworksBuildPhase section */

/* Begin PBXGroup section */
		051085FE1D48E2B2008D62DD = {
			isa = PBXGroup;
			children = (
				051086091D48E2B2008D62DD /* ios11-remoteControl */,
				051086081D48E2B2008D62DD /* Products */,
			);
			sourceTree = "<group>";
		};
		051086081D48E2B2008D62DD /* Products */ = {
			isa = PBXGroup;
			children = (
				051086071D48E2B2008D62DD /* ios11-remoteControl.app */,
			);
			name = Products;
			sourceTree = "<group>";
		};
		051086091D48E2B2008D62DD /* ios11-remoteControl */ = {
			isa = PBXGroup;
			children = (
				0510860D1D48E2B2008D62DD /* AppDelegate.h */,
				0510860E1D48E2B2008D62DD /* AppDelegate.m */,
				051086101D48E2B2008D62DD /* ViewController.h */,
				051086111D48E2B2008D62DD /* ViewController.m */,
				051086131D48E2B2008D62DD /* Main.storyboard */,
				051086161D48E2B2008D62DD /* Assets.xcassets */,
				051086181D48E2B2008D62DD /* LaunchScreen.storyboard */,
				0510861B1D48E2B2008D62DD /* Info.plist */,
				0510860A1D48E2B2008D62DD /* Supporting Files */,
			);
			path = "ios11-remoteControl";
			sourceTree = "<group>";
		};
		0510860A1D48E2B2008D62DD /* Supporting Files */ = {
			isa = PBXGroup;
			children = (
				0510860B1D48E2B2008D62DD /* main.m */,
			);
			name = "Supporting Files";
			sourceTree = "<group>";
		};
/* End PBXGroup section */

/* Begin PBXNativeTarget section */
		051086061D48E2B2008D62DD /* ios11-remoteControl */ = {
			isa = PBXNativeTarget;
			buildConfigurationList = 0510861E1D48E2B2008D62DD /* Build configuration list for PBXNativeTarget "ios11-remoteControl" */;
			buildPhases = (
				051086031D48E2B2008D62DD /* Sources */,
				051086041D48E2B2008D62DD /* Frameworks */,
				051086051D48E2B2008D62DD /* Resources */,
			);
			buildRules = (
			);
			dependencies = (
			);
			name = "ios11-remoteControl";
			productName = "ios11-remoteControl";
			productReference = 051086071D48E2B2008D62DD /* ios11-remoteControl.app */;
			productType = "com.apple.product-type.application";
		};
/* End PBXNativeTarget section */

/* Begin PBXProject section */
		051085FF1D48E2B2008D62DD /* Project object */ = {
			isa = PBXProject;
			attributes = {
				LastUpgradeCheck = 0730;
				ORGANIZATIONNAME = "魔方";
				TargetAttributes = {
					051086061D48E2B2008D62DD = {
						CreatedOnToolsVersion = 7.3.1;
					};
				};
			};
			buildConfigurationList = 051086021D48E2B2008D62DD /* Build configuration list for PBXProject "ios11-remoteControl" */;
			compatibilityVersion = "Xcode 3.2";
			developmentRegion = English;
			hasScannedForEncodings = 0;
			knownRegions = (
				en,
				Base,
			);
			mainGroup = 051085FE1D48E2B2008D62DD;
			productRefGroup = 051086081D48E2B2008D62DD /* Products */;
			projectDirPath = "";
			projectRoot = "";
			targets = (
				051086061D48E2B2008D62DD /* ios11-remoteControl */,
			);
		};
/* End PBXProject section */

/* Begin PBXResourcesBuildPhase section */
		051086051D48E2B2008D62DD /* Resources */ = {
			isa = PBXResourcesBuildPhase;
			buildActionMask = 2147483647;
			files = (
				0510861A1D48E2B2008D62DD /* LaunchScreen.storyboard in Resources */,
				051086171D48E2B2008D62DD /* Assets.xcassets in Resources */,
				051086151D48E2B2008D62DD /* Main.storyboard in Resources */,
			);
			runOnlyForDeploymentPostprocessing = 0;
		};
/* End PBXResourcesBuildPhase section */

/* Begin PBXSourcesBuildPhase section */
		051086031D48E2B2008D62DD /* Sources */ = {
			isa = PBXSourcesBuildPhase;
			buildActionMask = 2147483647;
			files = (
				051086121D48E2B2008D62DD /* ViewController.m in Sources */,
				0510860F1D48E2B2008D62DD /* AppDelegate.m in Sources */,
				0510860C1D48E2B2008D62DD /* main.m in Sources */,
			);
			runOnlyForDeploymentPostprocessing = 0;
		};
/* End PBXSourcesBuildPhase section */

/* Begin PBXVariantGroup section */
		051086131D48E2B2008D62DD /* Main.storyboard */ = {
			isa = PBXVariantGroup;
			children = (
				051086141D48E2B2008D62DD /* Base */,
			);
			name = Main.storyboard;
			sourceTree = "<group>";
		};
		051086181D48E2B2008D62DD /* LaunchScreen.storyboard */ = {
			isa = PBXVariantGroup;
			children = (
				051086191D48E2B2008D62DD /* Base */,
			);
			name = LaunchScreen.storyboard;
			sourceTree = "<group>";
		};
/* End PBXVariantGroup section */

/* Begin XCBuildConfiguration section */
		0510861C1D48E2B2008D62DD /* Debug */ = {
			isa = XCBuildConfiguration;
			buildSettings = {
				ALWAYS_SEARCH_USER_PATHS = NO;
				CLANG_ANALYZER_NONNULL = YES;
				CLANG_CXX_LANGUAGE_STANDARD = "gnu++0x";
				CLANG_CXX_LIBRARY = "libc++";
				CLANG_ENABLE_MODULES = YES;
				CLANG_ENABLE_OBJC_ARC = YES;
				CLANG_WARN_BOOL_CONVERSION = YES;
				CLANG_WARN_CONSTANT_CONVERSION = YES;
				CLANG_WARN_DIRECT_OBJC_ISA_USAGE = YES_ERROR;
				CLANG_WARN_EMPTY_BODY = YES;
				CLANG_WARN_ENUM_CONVERSION = YES;
				CLANG_WARN_INT_CONVERSION = YES;
				CLANG_WARN_OBJC_ROOT_CLASS = YES_ERROR;
				CLANG_WARN_UNREACHABLE_CODE = YES;
				CLANG_WARN__DUPLICATE_METHOD_MATCH = YES;
				"CODE_SIGN_IDENTITY[sdk=iphoneos*]" = "iPhone Developer";
				COPY_PHASE_STRIP = NO;
				DEBUG_INFORMATION_FORMAT = dwarf;
				ENABLE_STRICT_OBJC_MSGSEND = YES;
				ENABLE_TESTABILITY = YES;
				GCC_C_LANGUAGE_STANDARD = gnu99;
				GCC_DYNAMIC_NO_PIC = NO;
				GCC_NO_COMMON_BLOCKS = YES;
				GCC_OPTIMIZATION_LEVEL = 0;
				GCC_PREPROCESSOR_DEFINITIONS = (
					"DEBUG=1",
					"$(inherited)",
				);
				GCC_WARN_64_TO_32_BIT_CONVERSION = YES;
				GCC_WARN_ABOUT_RETURN_TYPE = YES_ERROR;
				GCC_WARN_UNDECLARED_SELECTOR = YES;
				GCC_WARN_UNINITIALIZED_AUTOS = YES_AGGRESSIVE;
				GCC_WARN_UNUSED_FUNCTION = YES;
				GCC_WARN_UNUSED_VARIABLE = YES;
				IPHONEOS_DEPLOYMENT_TARGET = 9.3;
				MTL_ENABLE_DEBUG_INFO = YES;
				ONLY_ACTIVE_ARCH = YES;
				SDKROOT = iphoneos;
			};
			name = Debug;
		};
		0510861D1D48E2B2008D62DD /* Release */ = {
			isa = XCBuildConfiguration;
			buildSettings = {
				ALWAYS_SEARCH_USER_PATHS = NO;
				CLANG_ANALYZER_NONNULL = YES;
				CLANG_CXX_LANGUAGE_STANDARD = "gnu++0x";
				CLANG_CXX_LIBRARY = "libc++";
				CLANG_ENABLE_MODULES = YES;
				CLANG_ENABLE_OBJC_ARC = YES;
				CLANG_WARN_BOOL_CONVERSION = YES;
				CLANG_WARN_CONSTANT_CONVERSION = YES;
				CLANG_WARN_DIRECT_OBJC_ISA_USAGE = YES_ERROR;
				CLANG_WARN_EMPTY_BODY = YES;
				CLANG_WARN_ENUM_CONVERSION = YES;
				CLANG_WARN_INT_CONVERSION = YES;
				CLANG_WARN_OBJC_ROOT_CLASS = YES_ERROR;
				CLANG_WARN_UNREACHABLE_CODE = YES;
				CLANG_WARN__DUPLICATE_METHOD_MATCH = YES;
				"CODE_SIGN_IDENTITY[sdk=iphoneos*]" = "iPhone Developer";
				COPY_PHASE_STRIP = NO;
				DEBUG_INFORMATION_FORMAT = "dwarf-with-dsym";
				ENABLE_NS_ASSERTIONS = NO;
				ENABLE_STRICT_OBJC_MSGSEND = YES;
				GCC_C_LANGUAGE_STANDARD = gnu99;
				GCC_NO_COMMON_BLOCKS = YES;
				GCC_WARN_64_TO_32_BIT_CONVERSION = YES;
				GCC_WARN_ABOUT_RETURN_TYPE = YES_ERROR;
				GCC_WARN_UNDECLARED_SELECTOR = YES;
				GCC_WARN_UNINITIALIZED_AUTOS = YES_AGGRESSIVE;
				GCC_WARN_UNUSED_FUNCTION = YES;
				GCC_WARN_UNUSED_VARIABLE = YES;
				IPHONEOS_DEPLOYMENT_TARGET = 9.3;
				MTL_ENABLE_DEBUG_INFO = NO;
				SDKROOT = iphoneos;
				VALIDATE_PRODUCT = YES;
			};
			name = Release;
		};
		0510861F1D48E2B2008D62DD /* Debug */ = {
			isa = XCBuildConfiguration;
			buildSettings = {
				ASSETCATALOG_COMPILER_APPICON_NAME = AppIcon;
				INFOPLIST_FILE = "ios11-remoteControl/Info.plist";
				LD_RUNPATH_SEARCH_PATHS = "$(inherited) @executable_path/Frameworks";
				PRODUCT_BUNDLE_IDENTIFIER = "com.mofanghr.ios11-remoteControl";
				PRODUCT_NAME = "$(TARGET_NAME)";
			};
			name = Debug;
		};
		051086201D48E2B2008D62DD /* Release */ = {
			isa = XCBuildConfiguration;
			buildSettings = {
				ASSETCATALOG_COMPILER_APPICON_NAME = AppIcon;
				INFOPLIST_FILE = "ios11-remoteControl/Info.plist";
				LD_RUNPATH_SEARCH_PATHS = "$(inherited) @executable_path/Frameworks";
				PRODUCT_BUNDLE_IDENTIFIER = "com.mofanghr.ios11-remoteControl";
				PRODUCT_NAME = "$(TARGET_NAME)";
			};
			name = Release;
		};
/* End XCBuildConfiguration section */

/* Begin XCConfigurationList section */
		051086021D48E2B2008D62DD /* Build configuration list for PBXProject "ios11-remoteControl" */ = {
			isa = XCConfigurationList;
			buildConfigurations = (
				0510861C1D48E2B2008D62DD /* Debug */,
				0510861D1D48E2B2008D62DD /* Release */,
			);
			defaultConfigurationIsVisible = 0;
			defaultConfigurationName = Release;
		};
		0510861E1D48E2B2008D62DD /* Build configuration list for PBXNativeTarget "ios11-remoteControl" */ = {
			isa = XCConfigurationList;
			buildConfigurations = (
				0510861F1D48E2B2008D62DD /* Debug */,
				051086201D48E2B2008D62DD /* Release */,
			);
			defaultConfigurationIsVisible = 0;
		};
/* End XCConfigurationList section */
	};
	rootObject = 051085FF1D48E2B2008D62DD /* Project object */;
}
