// !$*UTF8*$!
{
	archiveVersion = 1;
	classes = {
	};
	objectVersion = 46;
	objects = {

/* Begin PBXBuildFile section */
		055E63B71D49A6130013904A /* main.m in Sources */ = {isa = PBXBuildFile; fileRef = 055E63B61D49A6130013904A /* main.m */; };
		055E63BA1D49A6130013904A /* AppDelegate.m in Sources */ = {isa = PBXBuildFile; fileRef = 055E63B91D49A6130013904A /* AppDelegate.m */; };
		055E63BD1D49A6130013904A /* ViewController.m in Sources */ = {isa = PBXBuildFile; fileRef = 055E63BC1D49A6130013904A /* ViewController.m */; };
		055E63C01D49A6130013904A /* Main.storyboard in Resources */ = {isa = PBXBuildFile; fileRef = 055E63BE1D49A6130013904A /* Main.storyboard */; };
		055E63C21D49A6130013904A /* Assets.xcassets in Resources */ = {isa = PBXBuildFile; fileRef = 055E63C11D49A6130013904A /* Assets.xcassets */; };
		055E63C51D49A6130013904A /* LaunchScreen.storyboard in Resources */ = {isa = PBXBuildFile; fileRef = 055E63C31D49A6130013904A /* LaunchScreen.storyboard */; };
		055E63CF1D49A6D80013904A /* TLView.m in Sources */ = {isa = PBXBuildFile; fileRef = 055E63CE1D49A6D80013904A /* TLView.m */; };
/* End PBXBuildFile section */

/* Begin PBXFileReference section */
		055E63B21D49A6120013904A /* ios-12-Draw.app */ = {isa = PBXFileReference; explicitFileType = wrapper.application; includeInIndex = 0; path = "ios-12-Draw.app"; sourceTree = BUILT_PRODUCTS_DIR; };
		055E63B61D49A6130013904A /* main.m */ = {isa = PBXFileReference; lastKnownFileType = sourcecode.c.objc; path = main.m; sourceTree = "<group>"; };
		055E63B81D49A6130013904A /* AppDelegate.h */ = {isa = PBXFileReference; lastKnownFileType = sourcecode.c.h; path = AppDelegate.h; sourceTree = "<group>"; };
		055E63B91D49A6130013904A /* AppDelegate.m */ = {isa = PBXFileReference; lastKnownFileType = sourcecode.c.objc; path = AppDelegate.m; sourceTree = "<group>"; };
		055E63BB1D49A6130013904A /* ViewController.h */ = {isa = PBXFileReference; lastKnownFileType = sourcecode.c.h; path = ViewController.h; sourceTree = "<group>"; };
		055E63BC1D49A6130013904A /* ViewController.m */ = {isa = PBXFileReference; lastKnownFileType = sourcecode.c.objc; path = ViewController.m; sourceTree = "<group>"; };
		055E63BF1D49A6130013904A /* Base */ = {isa = PBXFileReference; lastKnownFileType = file.storyboard; name = Base; path = Base.lproj/Main.storyboard; sourceTree = "<group>"; };
		055E63C11D49A6130013904A /* Assets.xcassets */ = {isa = PBXFileReference; lastKnownFileType = folder.assetcatalog; path = Assets.xcassets; sourceTree = "<group>"; };
		055E63C41D49A6130013904A /* Base */ = {isa = PBXFileReference; lastKnownFileType = file.storyboard; name = Base; path = Base.lproj/LaunchScreen.storyboard; sourceTree = "<group>"; };
		055E63C61D49A6130013904A /* Info.plist */ = {isa = PBXFileReference; lastKnownFileType = text.plist.xml; path = Info.plist; sourceTree = "<group>"; };
		055E63CD1D49A6D80013904A /* TLView.h */ = {isa = PBXFileReference; fileEncoding = 4; lastKnownFileType = sourcecode.c.h; path = TLView.h; sourceTree = "<group>"; };
		055E63CE1D49A6D80013904A /* TLView.m */ = {isa = PBXFileReference; fileEncoding = 4; lastKnownFileType = sourcecode.c.objc; path = TLView.m; sourceTree = "<group>"; };
/* End PBXFileReference section */

/* Begin PBXFrameworksBuildPhase section */
		055E63AF1D49A6120013904A /* Frameworks */ = {
			isa = PBXFrameworksBuildPhase;
			buildActionMask = 2147483647;
			files = (
			);
			runOnlyForDeploymentPostprocessing = 0;
		};
/* End PBXFrameworksBuildPhase section */

/* Begin PBXGroup section */
		055E63A91D49A6120013904A = {
			isa = PBXGroup;
			children = (
				055E63B41D49A6120013904A /* ios-12-Draw */,
				055E63B31D49A6120013904A /* Products */,
			);
			sourceTree = "<group>";
		};
		055E63B31D49A6120013904A /* Products */ = {
			isa = PBXGroup;
			children = (
				055E63B21D49A6120013904A /* ios-12-Draw.app */,
			);
			name = Products;
			sourceTree = "<group>";
		};
		055E63B41D49A6120013904A /* ios-12-Draw */ = {
			isa = PBXGroup;
			children = (
				055E63CC1D49A6B80013904A /* Views */,
				055E63B81D49A6130013904A /* AppDelegate.h */,
				055E63B91D49A6130013904A /* AppDelegate.m */,
				055E63BB1D49A6130013904A /* ViewController.h */,
				055E63BC1D49A6130013904A /* ViewController.m */,
				055E63BE1D49A6130013904A /* Main.storyboard */,
				055E63C11D49A6130013904A /* Assets.xcassets */,
				055E63C31D49A6130013904A /* LaunchScreen.storyboard */,
				055E63C61D49A6130013904A /* Info.plist */,
				055E63B51D49A6120013904A /* Supporting Files */,
			);
			path = "ios-12-Draw";
			sourceTree = "<group>";
		};
		055E63B51D49A6120013904A /* Supporting Files */ = {
			isa = PBXGroup;
			children = (
				055E63B61D49A6130013904A /* main.m */,
			);
			name = "Supporting Files";
			sourceTree = "<group>";
		};
		055E63CC1D49A6B80013904A /* Views */ = {
			isa = PBXGroup;
			children = (
				055E63CD1D49A6D80013904A /* TLView.h */,
				055E63CE1D49A6D80013904A /* TLView.m */,
			);
			name = Views;
			sourceTree = "<group>";
		};
/* End PBXGroup section */

/* Begin PBXNativeTarget section */
		055E63B11D49A6120013904A /* ios-12-Draw */ = {
			isa = PBXNativeTarget;
			buildConfigurationList = 055E63C91D49A6130013904A /* Build configuration list for PBXNativeTarget "ios-12-Draw" */;
			buildPhases = (
				055E63AE1D49A6120013904A /* Sources */,
				055E63AF1D49A6120013904A /* Frameworks */,
				055E63B01D49A6120013904A /* Resources */,
			);
			buildRules = (
			);
			dependencies = (
			);
			name = "ios-12-Draw";
			productName = "ios-12-Draw";
			productReference = 055E63B21D49A6120013904A /* ios-12-Draw.app */;
			productType = "com.apple.product-type.application";
		};
/* End PBXNativeTarget section */

/* Begin PBXProject section */
		055E63AA1D49A6120013904A /* Project object */ = {
			isa = PBXProject;
			attributes = {
				LastUpgradeCheck = 0730;
				ORGANIZATIONNAME = "魔方";
				TargetAttributes = {
					055E63B11D49A6120013904A = {
						CreatedOnToolsVersion = 7.3.1;
					};
				};
			};
			buildConfigurationList = 055E63AD1D49A6120013904A /* Build configuration list for PBXProject "ios-12-Draw" */;
			compatibilityVersion = "Xcode 3.2";
			developmentRegion = English;
			hasScannedForEncodings = 0;
			knownRegions = (
				en,
				Base,
			);
			mainGroup = 055E63A91D49A6120013904A;
			productRefGroup = 055E63B31D49A6120013904A /* Products */;
			projectDirPath = "";
			projectRoot = "";
			targets = (
				055E63B11D49A6120013904A /* ios-12-Draw */,
			);
		};
/* End PBXProject section */

/* Begin PBXResourcesBuildPhase section */
		055E63B01D49A6120013904A /* Resources */ = {
			isa = PBXResourcesBuildPhase;
			buildActionMask = 2147483647;
			files = (
				055E63C51D49A6130013904A /* LaunchScreen.storyboard in Resources */,
				055E63C21D49A6130013904A /* Assets.xcassets in Resources */,
				055E63C01D49A6130013904A /* Main.storyboard in Resources */,
			);
			runOnlyForDeploymentPostprocessing = 0;
		};
/* End PBXResourcesBuildPhase section */

/* Begin PBXSourcesBuildPhase section */
		055E63AE1D49A6120013904A /* Sources */ = {
			isa = PBXSourcesBuildPhase;
			buildActionMask = 2147483647;
			files = (
				055E63BD1D49A6130013904A /* ViewController.m in Sources */,
				055E63BA1D49A6130013904A /* AppDelegate.m in Sources */,
				055E63CF1D49A6D80013904A /* TLView.m in Sources */,
				055E63B71D49A6130013904A /* main.m in Sources */,
			);
			runOnlyForDeploymentPostprocessing = 0;
		};
/* End PBXSourcesBuildPhase section */

/* Begin PBXVariantGroup section */
		055E63BE1D49A6130013904A /* Main.storyboard */ = {
			isa = PBXVariantGroup;
			children = (
				055E63BF1D49A6130013904A /* Base */,
			);
			name = Main.storyboard;
			sourceTree = "<group>";
		};
		055E63C31D49A6130013904A /* LaunchScreen.storyboard */ = {
			isa = PBXVariantGroup;
			children = (
				055E63C41D49A6130013904A /* Base */,
			);
			name = LaunchScreen.storyboard;
			sourceTree = "<group>";
		};
/* End PBXVariantGroup section */

/* Begin XCBuildConfiguration section */
		055E63C71D49A6130013904A /* Debug */ = {
			isa = XCBuildConfiguration;
			buildSettings = {
				ALWAYS_SEARCH_USER_PATHS = NO;
				CLANG_ANALYZER_NONNULL = YES;
				CLANG_CXX_LANGUAGE_STANDARD = "gnu++0x";
				CLANG_CXX_LIBRARY = "libc++";
				CLANG_ENABLE_MODULES = YES;
				CLANG_ENABLE_OBJC_ARC = YES;
				CLANG_WARN_BOOL_CONVERSION = YES;
				CLANG_WARN_CONSTANT_CONVERSION = YES;
				CLANG_WARN_DIRECT_OBJC_ISA_USAGE = YES_ERROR;
				CLANG_WARN_EMPTY_BODY = YES;
				CLANG_WARN_ENUM_CONVERSION = YES;
				CLANG_WARN_INT_CONVERSION = YES;
				CLANG_WARN_OBJC_ROOT_CLASS = YES_ERROR;
				CLANG_WARN_UNREACHABLE_CODE = YES;
				CLANG_WARN__DUPLICATE_METHOD_MATCH = YES;
				"CODE_SIGN_IDENTITY[sdk=iphoneos*]" = "iPhone Developer";
				COPY_PHASE_STRIP = NO;
				DEBUG_INFORMATION_FORMAT = dwarf;
				ENABLE_STRICT_OBJC_MSGSEND = YES;
				ENABLE_TESTABILITY = YES;
				GCC_C_LANGUAGE_STANDARD = gnu99;
				GCC_DYNAMIC_NO_PIC = NO;
				GCC_NO_COMMON_BLOCKS = YES;
				GCC_OPTIMIZATION_LEVEL = 0;
				GCC_PREPROCESSOR_DEFINITIONS = (
					"DEBUG=1",
					"$(inherited)",
				);
				GCC_WARN_64_TO_32_BIT_CONVERSION = YES;
				GCC_WARN_ABOUT_RETURN_TYPE = YES_ERROR;
				GCC_WARN_UNDECLARED_SELECTOR = YES;
				GCC_WARN_UNINITIALIZED_AUTOS = YES_AGGRESSIVE;
				GCC_WARN_UNUSED_FUNCTION = YES;
				GCC_WARN_UNUSED_VARIABLE = YES;
				IPHONEOS_DEPLOYMENT_TARGET = 9.3;
				MTL_ENABLE_DEBUG_INFO = YES;
				ONLY_ACTIVE_ARCH = YES;
				SDKROOT = iphoneos;
			};
			name = Debug;
		};
		055E63C81D49A6130013904A /* Release */ = {
			isa = XCBuildConfiguration;
			buildSettings = {
				ALWAYS_SEARCH_USER_PATHS = NO;
				CLANG_ANALYZER_NONNULL = YES;
				CLANG_CXX_LANGUAGE_STANDARD = "gnu++0x";
				CLANG_CXX_LIBRARY = "libc++";
				CLANG_ENABLE_MODULES = YES;
				CLANG_ENABLE_OBJC_ARC = YES;
				CLANG_WARN_BOOL_CONVERSION = YES;
				CLANG_WARN_CONSTANT_CONVERSION = YES;
				CLANG_WARN_DIRECT_OBJC_ISA_USAGE = YES_ERROR;
				CLANG_WARN_EMPTY_BODY = YES;
				CLANG_WARN_ENUM_CONVERSION = YES;
				CLANG_WARN_INT_CONVERSION = YES;
				CLANG_WARN_OBJC_ROOT_CLASS = YES_ERROR;
				CLANG_WARN_UNREACHABLE_CODE = YES;
				CLANG_WARN__DUPLICATE_METHOD_MATCH = YES;
				"CODE_SIGN_IDENTITY[sdk=iphoneos*]" = "iPhone Developer";
				COPY_PHASE_STRIP = NO;
				DEBUG_INFORMATION_FORMAT = "dwarf-with-dsym";
				ENABLE_NS_ASSERTIONS = NO;
				ENABLE_STRICT_OBJC_MSGSEND = YES;
				GCC_C_LANGUAGE_STANDARD = gnu99;
				GCC_NO_COMMON_BLOCKS = YES;
				GCC_WARN_64_TO_32_BIT_CONVERSION = YES;
				GCC_WARN_ABOUT_RETURN_TYPE = YES_ERROR;
				GCC_WARN_UNDECLARED_SELECTOR = YES;
				GCC_WARN_UNINITIALIZED_AUTOS = YES_AGGRESSIVE;
				GCC_WARN_UNUSED_FUNCTION = YES;
				GCC_WARN_UNUSED_VARIABLE = YES;
				IPHONEOS_DEPLOYMENT_TARGET = 9.3;
				MTL_ENABLE_DEBUG_INFO = NO;
				SDKROOT = iphoneos;
				VALIDATE_PRODUCT = YES;
			};
			name = Release;
		};
		055E63CA1D49A6130013904A /* Debug */ = {
			isa = XCBuildConfiguration;
			buildSettings = {
				ASSETCATALOG_COMPILER_APPICON_NAME = AppIcon;
				INFOPLIST_FILE = "ios-12-Draw/Info.plist";
				LD_RUNPATH_SEARCH_PATHS = "$(inherited) @executable_path/Frameworks";
				PRODUCT_BUNDLE_IDENTIFIER = "com.mofanghr.ios-12-Draw";
				PRODUCT_NAME = "$(TARGET_NAME)";
			};
			name = Debug;
		};
		055E63CB1D49A6130013904A /* Release */ = {
			isa = XCBuildConfiguration;
			buildSettings = {
				ASSETCATALOG_COMPILER_APPICON_NAME = AppIcon;
				INFOPLIST_FILE = "ios-12-Draw/Info.plist";
				LD_RUNPATH_SEARCH_PATHS = "$(inherited) @executable_path/Frameworks";
				PRODUCT_BUNDLE_IDENTIFIER = "com.mofanghr.ios-12-Draw";
				PRODUCT_NAME = "$(TARGET_NAME)";
			};
			name = Release;
		};
/* End XCBuildConfiguration section */

/* Begin XCConfigurationList section */
		055E63AD1D49A6120013904A /* Build configuration list for PBXProject "ios-12-Draw" */ = {
			isa = XCConfigurationList;
			buildConfigurations = (
				055E63C71D49A6130013904A /* Debug */,
				055E63C81D49A6130013904A /* Release */,
			);
			defaultConfigurationIsVisible = 0;
			defaultConfigurationName = Release;
		};
		055E63C91D49A6130013904A /* Build configuration list for PBXNativeTarget "ios-12-Draw" */ = {
			isa = XCConfigurationList;
			buildConfigurations = (
				055E63CA1D49A6130013904A /* Debug */,
				055E63CB1D49A6130013904A /* Release */,
			);
			defaultConfigurationIsVisible = 0;
		};
/* End XCConfigurationList section */
	};
	rootObject = 055E63AA1D49A6120013904A /* Project object */;
}
